<?xml version="1.0" encoding="utf-8"?>
<Project ToolsVersion="4.0" xmlns="http://schemas.microsoft.com/developer/msbuild/2003">
  <ItemGroup>
    <Filter Include="Source Files">
      <UniqueIdentifier>{4FC737F1-C7A5-4376-A066-2A32D752A2FF}</UniqueIdentifier>
      <Extensions>cpp;c;cc;cxx;def;odl;idl;hpj;bat;asm;asmx</Extensions>
    </Filter>
    <Filter Include="Header Files">
      <UniqueIdentifier>{93995380-89BD-4b04-88EB-625FBE52EBFB}</UniqueIdentifier>
      <Extensions>h;hh;hpp;hxx;hm;inl;inc;xsd</Extensions>
    </Filter>
    <Filter Include="Source Files\Utils">
      <UniqueIdentifier>{c744b68c-e443-48e9-ab3f-bb35655a2e99}</UniqueIdentifier>
    </Filter>
    <Filter Include="Header Files\Utils">
      <UniqueIdentifier>{16f4ab12-40a1-4287-a0c5-cbae276826d1}</UniqueIdentifier>
    </Filter>
    <Filter Include="Assets">
      <UniqueIdentifier>{214a6d10-f543-431f-9bfc-19787eefd28c}</UniqueIdentifier>
    </Filter>
    <Filter Include="Assets\Shaders">
      <UniqueIdentifier>{644a96a5-f151-4e47-bc59-aa8eaab1d7b2}</UniqueIdentifier>
    </Filter>
    <Filter Include="Libs">
      <UniqueIdentifier>{49bdbec1-7c90-4388-8f8f-9c3e0e070603}</UniqueIdentifier>
    </Filter>
    <Filter Include="Libs\assimp">
      <UniqueIdentifier>{fb18cef8-b72a-4fe9-9233-bdc43f4c9856}</UniqueIdentifier>
    </Filter>
    <Filter Include="Libs\assimp\include">
      <UniqueIdentifier>{32635490-69ff-4a1b-9e27-6c5e947e790e}</UniqueIdentifier>
    </Filter>
    <Filter Include="Libs\assimp\include\assimp">
      <UniqueIdentifier>{6ac0081a-dda5-4076-b7ee-06b4e769c9dd}</UniqueIdentifier>
    </Filter>
    <Filter Include="Libs\MiniEngine">
      <UniqueIdentifier>{73096f90-88e8-4d69-8831-de03e432c2f8}</UniqueIdentifier>
    </Filter>
    <Filter Include="Libs\MiniEngine\Math">
      <UniqueIdentifier>{f2a8364f-26fb-43ba-9d45-2eb857c6ae26}</UniqueIdentifier>
    </Filter>
    <Filter Include="Libs\imgui">
      <UniqueIdentifier>{19d01af3-e45e-4c3f-8e41-b4bf7db5a15f}</UniqueIdentifier>
    </Filter>
    <Filter Include="Libs\DXRFramework">
      <UniqueIdentifier>{ff9c12f7-02d9-4220-9128-50239b590fde}</UniqueIdentifier>
    </Filter>
    <Filter Include="Libs\DXRFramework\Helpers">
      <UniqueIdentifier>{b5d8250b-dc5f-4ec9-b78e-8eeaca3e39d7}</UniqueIdentifier>
    </Filter>
  </ItemGroup>
  <ItemGroup>
    <ClInclude Include="..\include\utils\DXSampleHelper.h">
      <Filter>Header Files\Utils</Filter>
    </ClInclude>
    <ClInclude Include="..\include\utils\StepTimer.h">
      <Filter>Header Files\Utils</Filter>
    </ClInclude>
    <ClInclude Include="..\include\utils\Win32Application.h">
      <Filter>Header Files\Utils</Filter>
    </ClInclude>
    <ClInclude Include="..\include\utils\DeviceResources.h">
      <Filter>Header Files\Utils</Filter>
    </ClInclude>
    <ClInclude Include="..\include\utils\DirectXRaytracingHelper.h">
      <Filter>Header Files\Utils</Filter>
    </ClInclude>
    <ClInclude Include="..\include\utils\DXSample.h">
      <Filter>Header Files\Utils</Filter>
    </ClInclude>
    <ClInclude Include="..\assets\shaders\RaytracingHlslCompat.h">
      <Filter>Assets\Shaders</Filter>
    </ClInclude>
    <ClInclude Include="..\assets\shaders\HlslCompat.h">
      <Filter>Assets\Shaders</Filter>
    </ClInclude>
    <ClInclude Include="..\include\stdafx.h">
      <Filter>Header Files</Filter>
    </ClInclude>
    <ClInclude Include="..\include\dxcapi.h">
      <Filter>Header Files</Filter>
    </ClInclude>
    <ClInclude Include="..\include\dxcapi.use.h">
      <Filter>Header Files</Filter>
    </ClInclude>
    <ClInclude Include="..\include\DXRFrameworkApp.h">
      <Filter>Header Files</Filter>
    </ClInclude>
    <ClInclude Include="..\libs\assimp\include\assimp\BaseImporter.h">
      <Filter>Libs\assimp\include\assimp</Filter>
    </ClInclude>
    <ClInclude Include="..\libs\assimp\include\assimp\Bitmap.h">
      <Filter>Libs\assimp\include\assimp</Filter>
    </ClInclude>
    <ClInclude Include="..\libs\assimp\include\assimp\BlobIOSystem.h">
      <Filter>Libs\assimp\include\assimp</Filter>
    </ClInclude>
    <ClInclude Include="..\libs\assimp\include\assimp\ByteSwapper.h">
      <Filter>Libs\assimp\include\assimp</Filter>
    </ClInclude>
    <ClInclude Include="..\libs\assimp\include\assimp\camera.h">
      <Filter>Libs\assimp\include\assimp</Filter>
    </ClInclude>
    <ClInclude Include="..\libs\assimp\include\assimp\cexport.h">
      <Filter>Libs\assimp\include\assimp</Filter>
    </ClInclude>
    <ClInclude Include="..\libs\assimp\include\assimp\cfileio.h">
      <Filter>Libs\assimp\include\assimp</Filter>
    </ClInclude>
    <ClInclude Include="..\libs\assimp\include\assimp\cimport.h">
      <Filter>Libs\assimp\include\assimp</Filter>
    </ClInclude>
    <ClInclude Include="..\libs\assimp\include\assimp\color4.h">
      <Filter>Libs\assimp\include\assimp</Filter>
    </ClInclude>
    <ClInclude Include="..\libs\assimp\include\assimp\config.h">
      <Filter>Libs\assimp\include\assimp</Filter>
    </ClInclude>
    <ClInclude Include="..\libs\assimp\include\assimp\CreateAnimMesh.h">
      <Filter>Libs\assimp\include\assimp</Filter>
    </ClInclude>
    <ClInclude Include="..\libs\assimp\include\assimp\DefaultIOStream.h">
      <Filter>Libs\assimp\include\assimp</Filter>
    </ClInclude>
    <ClInclude Include="..\libs\assimp\include\assimp\DefaultIOSystem.h">
      <Filter>Libs\assimp\include\assimp</Filter>
    </ClInclude>
    <ClInclude Include="..\libs\assimp\include\assimp\DefaultLogger.hpp">
      <Filter>Libs\assimp\include\assimp</Filter>
    </ClInclude>
    <ClInclude Include="..\libs\assimp\include\assimp\Defines.h">
      <Filter>Libs\assimp\include\assimp</Filter>
    </ClInclude>
    <ClInclude Include="..\libs\assimp\include\assimp\defs.h">
      <Filter>Libs\assimp\include\assimp</Filter>
    </ClInclude>
    <ClInclude Include="..\libs\assimp\include\assimp\Exceptional.h">
      <Filter>Libs\assimp\include\assimp</Filter>
    </ClInclude>
    <ClInclude Include="..\libs\assimp\include\assimp\Exporter.hpp">
      <Filter>Libs\assimp\include\assimp</Filter>
    </ClInclude>
    <ClInclude Include="..\libs\assimp\include\assimp\fast_atof.h">
      <Filter>Libs\assimp\include\assimp</Filter>
    </ClInclude>
    <ClInclude Include="..\libs\assimp\include\assimp\GenericProperty.h">
      <Filter>Libs\assimp\include\assimp</Filter>
    </ClInclude>
    <ClInclude Include="..\libs\assimp\include\assimp\Hash.h">
      <Filter>Libs\assimp\include\assimp</Filter>
    </ClInclude>
    <ClInclude Include="..\libs\assimp\include\assimp\Importer.hpp">
      <Filter>Libs\assimp\include\assimp</Filter>
    </ClInclude>
    <ClInclude Include="..\libs\assimp\include\assimp\importerdesc.h">
      <Filter>Libs\assimp\include\assimp</Filter>
    </ClInclude>
    <ClInclude Include="..\libs\assimp\include\assimp\IOStream.hpp">
      <Filter>Libs\assimp\include\assimp</Filter>
    </ClInclude>
    <ClInclude Include="..\libs\assimp\include\assimp\IOStreamBuffer.h">
      <Filter>Libs\assimp\include\assimp</Filter>
    </ClInclude>
    <ClInclude Include="..\libs\assimp\include\assimp\IOSystem.hpp">
      <Filter>Libs\assimp\include\assimp</Filter>
    </ClInclude>
    <ClInclude Include="..\libs\assimp\include\assimp\irrXMLWrapper.h">
      <Filter>Libs\assimp\include\assimp</Filter>
    </ClInclude>
    <ClInclude Include="..\libs\assimp\include\assimp\light.h">
      <Filter>Libs\assimp\include\assimp</Filter>
    </ClInclude>
    <ClInclude Include="..\libs\assimp\include\assimp\LineSplitter.h">
      <Filter>Libs\assimp\include\assimp</Filter>
    </ClInclude>
    <ClInclude Include="..\libs\assimp\include\assimp\LogAux.h">
      <Filter>Libs\assimp\include\assimp</Filter>
    </ClInclude>
    <ClInclude Include="..\libs\assimp\include\assimp\Logger.hpp">
      <Filter>Libs\assimp\include\assimp</Filter>
    </ClInclude>
    <ClInclude Include="..\libs\assimp\include\assimp\LogStream.hpp">
      <Filter>Libs\assimp\include\assimp</Filter>
    </ClInclude>
    <ClInclude Include="..\libs\assimp\include\assimp\Macros.h">
      <Filter>Libs\assimp\include\assimp</Filter>
    </ClInclude>
    <ClInclude Include="..\libs\assimp\include\assimp\material.h">
      <Filter>Libs\assimp\include\assimp</Filter>
    </ClInclude>
    <ClInclude Include="..\libs\assimp\include\assimp\MathFunctions.h">
      <Filter>Libs\assimp\include\assimp</Filter>
    </ClInclude>
    <ClInclude Include="..\libs\assimp\include\assimp\matrix3x3.h">
      <Filter>Libs\assimp\include\assimp</Filter>
    </ClInclude>
    <ClInclude Include="..\libs\assimp\include\assimp\matrix4x4.h">
      <Filter>Libs\assimp\include\assimp</Filter>
    </ClInclude>
    <ClInclude Include="..\libs\assimp\include\assimp\MemoryIOWrapper.h">
      <Filter>Libs\assimp\include\assimp</Filter>
    </ClInclude>
    <ClInclude Include="..\libs\assimp\include\assimp\mesh.h">
      <Filter>Libs\assimp\include\assimp</Filter>
    </ClInclude>
    <ClInclude Include="..\libs\assimp\include\assimp\metadata.h">
      <Filter>Libs\assimp\include\assimp</Filter>
    </ClInclude>
    <ClInclude Include="..\libs\assimp\include\assimp\NullLogger.hpp">
      <Filter>Libs\assimp\include\assimp</Filter>
    </ClInclude>
    <ClInclude Include="..\libs\assimp\include\assimp\ParsingUtils.h">
      <Filter>Libs\assimp\include\assimp</Filter>
    </ClInclude>
    <ClInclude Include="..\libs\assimp\include\assimp\pbrmaterial.h">
      <Filter>Libs\assimp\include\assimp</Filter>
    </ClInclude>
    <ClInclude Include="..\libs\assimp\include\assimp\postprocess.h">
      <Filter>Libs\assimp\include\assimp</Filter>
    </ClInclude>
    <ClInclude Include="..\libs\assimp\include\assimp\Profiler.h">
      <Filter>Libs\assimp\include\assimp</Filter>
    </ClInclude>
    <ClInclude Include="..\libs\assimp\include\assimp\ProgressHandler.hpp">
      <Filter>Libs\assimp\include\assimp</Filter>
    </ClInclude>
    <ClInclude Include="..\libs\assimp\include\assimp\qnan.h">
      <Filter>Libs\assimp\include\assimp</Filter>
    </ClInclude>
    <ClInclude Include="..\libs\assimp\include\assimp\quaternion.h">
      <Filter>Libs\assimp\include\assimp</Filter>
    </ClInclude>
    <ClInclude Include="..\libs\assimp\include\assimp\RemoveComments.h">
      <Filter>Libs\assimp\include\assimp</Filter>
    </ClInclude>
    <ClInclude Include="..\libs\assimp\include\assimp\scene.h">
      <Filter>Libs\assimp\include\assimp</Filter>
    </ClInclude>
    <ClInclude Include="..\libs\assimp\include\assimp\SceneCombiner.h">
      <Filter>Libs\assimp\include\assimp</Filter>
    </ClInclude>
    <ClInclude Include="..\libs\assimp\include\assimp\SGSpatialSort.h">
      <Filter>Libs\assimp\include\assimp</Filter>
    </ClInclude>
    <ClInclude Include="..\libs\assimp\include\assimp\SkeletonMeshBuilder.h">
      <Filter>Libs\assimp\include\assimp</Filter>
    </ClInclude>
    <ClInclude Include="..\libs\assimp\include\assimp\SmoothingGroups.h">
      <Filter>Libs\assimp\include\assimp</Filter>
    </ClInclude>
    <ClInclude Include="..\libs\assimp\include\assimp\SpatialSort.h">
      <Filter>Libs\assimp\include\assimp</Filter>
    </ClInclude>
    <ClInclude Include="..\libs\assimp\include\assimp\StandardShapes.h">
      <Filter>Libs\assimp\include\assimp</Filter>
    </ClInclude>
    <ClInclude Include="..\libs\assimp\include\assimp\StreamReader.h">
      <Filter>Libs\assimp\include\assimp</Filter>
    </ClInclude>
    <ClInclude Include="..\libs\assimp\include\assimp\StreamWriter.h">
      <Filter>Libs\assimp\include\assimp</Filter>
    </ClInclude>
    <ClInclude Include="..\libs\assimp\include\assimp\StringComparison.h">
      <Filter>Libs\assimp\include\assimp</Filter>
    </ClInclude>
    <ClInclude Include="..\libs\assimp\include\assimp\StringUtils.h">
      <Filter>Libs\assimp\include\assimp</Filter>
    </ClInclude>
    <ClInclude Include="..\libs\assimp\include\assimp\Subdivision.h">
      <Filter>Libs\assimp\include\assimp</Filter>
    </ClInclude>
    <ClInclude Include="..\libs\assimp\include\assimp\texture.h">
      <Filter>Libs\assimp\include\assimp</Filter>
    </ClInclude>
    <ClInclude Include="..\libs\assimp\include\assimp\TinyFormatter.h">
      <Filter>Libs\assimp\include\assimp</Filter>
    </ClInclude>
    <ClInclude Include="..\libs\assimp\include\assimp\types.h">
      <Filter>Libs\assimp\include\assimp</Filter>
    </ClInclude>
    <ClInclude Include="..\libs\assimp\include\assimp\vector2.h">
      <Filter>Libs\assimp\include\assimp</Filter>
    </ClInclude>
    <ClInclude Include="..\libs\assimp\include\assimp\vector3.h">
      <Filter>Libs\assimp\include\assimp</Filter>
    </ClInclude>
    <ClInclude Include="..\libs\assimp\include\assimp\version.h">
      <Filter>Libs\assimp\include\assimp</Filter>
    </ClInclude>
    <ClInclude Include="..\libs\assimp\include\assimp\Vertex.h">
      <Filter>Libs\assimp\include\assimp</Filter>
    </ClInclude>
    <ClInclude Include="..\libs\assimp\include\assimp\XMLTools.h">
      <Filter>Libs\assimp\include\assimp</Filter>
    </ClInclude>
    <ClInclude Include="..\libs\assimp\include\assimp\ai_assert.h">
      <Filter>Libs\assimp\include\assimp</Filter>
    </ClInclude>
    <ClInclude Include="..\libs\assimp\include\assimp\anim.h">
      <Filter>Libs\assimp\include\assimp</Filter>
    </ClInclude>
    <ClInclude Include="..\libs\MiniEngine\Camera.h">
      <Filter>Libs\MiniEngine</Filter>
    </ClInclude>
    <ClInclude Include="..\libs\MiniEngine\VectorMath.h">
      <Filter>Libs\MiniEngine</Filter>
    </ClInclude>
    <ClInclude Include="..\libs\MiniEngine\Math\Matrix3.h">
      <Filter>Libs\MiniEngine\Math</Filter>
    </ClInclude>
    <ClInclude Include="..\libs\MiniEngine\Math\Matrix4.h">
      <Filter>Libs\MiniEngine\Math</Filter>
    </ClInclude>
    <ClInclude Include="..\libs\MiniEngine\Math\Quaternion.h">
      <Filter>Libs\MiniEngine\Math</Filter>
    </ClInclude>
    <ClInclude Include="..\libs\MiniEngine\Math\Random.h">
      <Filter>Libs\MiniEngine\Math</Filter>
    </ClInclude>
    <ClInclude Include="..\libs\MiniEngine\Math\Scalar.h">
      <Filter>Libs\MiniEngine\Math</Filter>
    </ClInclude>
    <ClInclude Include="..\libs\MiniEngine\Math\Transform.h">
      <Filter>Libs\MiniEngine\Math</Filter>
    </ClInclude>
    <ClInclude Include="..\libs\MiniEngine\Math\Vector.h">
      <Filter>Libs\MiniEngine\Math</Filter>
    </ClInclude>
    <ClInclude Include="..\libs\MiniEngine\Math\BoundingPlane.h">
      <Filter>Libs\MiniEngine\Math</Filter>
    </ClInclude>
    <ClInclude Include="..\libs\MiniEngine\Math\BoundingSphere.h">
      <Filter>Libs\MiniEngine\Math</Filter>
    </ClInclude>
    <ClInclude Include="..\libs\MiniEngine\Math\Common.h">
      <Filter>Libs\MiniEngine\Math</Filter>
    </ClInclude>
    <ClInclude Include="..\libs\MiniEngine\Math\Frustum.h">
      <Filter>Libs\MiniEngine\Math</Filter>
    </ClInclude>
    <ClInclude Include="..\libs\MiniEngine\GameInput.h">
      <Filter>Libs\MiniEngine</Filter>
    </ClInclude>
    <ClInclude Include="..\libs\MiniEngine\CameraController.h">
      <Filter>Libs\MiniEngine</Filter>
    </ClInclude>
    <ClInclude Include="..\libs\imgui\imgui.h">
      <Filter>Libs\imgui</Filter>
    </ClInclude>
    <ClInclude Include="..\libs\imgui\imgui_internal.h">
      <Filter>Libs\imgui</Filter>
    </ClInclude>
    <ClInclude Include="..\libs\imgui\imconfig.h">
      <Filter>Libs\imgui</Filter>
    </ClInclude>
    <ClInclude Include="..\include\utils\ImGuiRendererDX.h">
      <Filter>Header Files\Utils</Filter>
    </ClInclude>
    <ClInclude Include="..\libs\imgui\imgui_impl_dx12.h">
      <Filter>Libs\imgui</Filter>
    </ClInclude>
    <ClInclude Include="..\libs\imgui\imgui_impl_win32.h">
      <Filter>Libs\imgui</Filter>
    </ClInclude>
    <ClInclude Include="..\include\ProgressiveRaytracingPipeline.h">
      <Filter>Header Files</Filter>
    </ClInclude>
    <ClInclude Include="..\include\RealtimeRaytracingPipeline.h">
      <Filter>Header Files</Filter>
    </ClInclude>
    <ClInclude Include="..\include\DenoiseCompositor.h">
      <Filter>Header Files</Filter>
    </ClInclude>
    <ClInclude Include="..\include\RaytracingPipeline.h">
      <Filter>Header Files</Filter>
    </ClInclude>
    <ClInclude Include="..\libs\DXRFramework\RtBindings.h">
      <Filter>Libs\DXRFramework</Filter>
    </ClInclude>
    <ClInclude Include="..\libs\DXRFramework\RtContext.h">
      <Filter>Libs\DXRFramework</Filter>
    </ClInclude>
    <ClInclude Include="..\libs\DXRFramework\RtModel.h">
      <Filter>Libs\DXRFramework</Filter>
    </ClInclude>
    <ClInclude Include="..\libs\DXRFramework\RtParams.h">
      <Filter>Libs\DXRFramework</Filter>
    </ClInclude>
    <ClInclude Include="..\libs\DXRFramework\RtProgram.h">
      <Filter>Libs\DXRFramework</Filter>
    </ClInclude>
    <ClInclude Include="..\libs\DXRFramework\RtScene.h">
      <Filter>Libs\DXRFramework</Filter>
    </ClInclude>
    <ClInclude Include="..\libs\DXRFramework\RtShader.h">
      <Filter>Libs\DXRFramework</Filter>
    </ClInclude>
    <ClInclude Include="..\libs\DXRFramework\RtState.h">
      <Filter>Libs\DXRFramework</Filter>
    </ClInclude>
    <ClInclude Include="..\libs\DXRFramework\Helpers\RaytracingPipelineGenerator.h">
      <Filter>Libs\DXRFramework\Helpers</Filter>
    </ClInclude>
    <ClInclude Include="..\libs\DXRFramework\Helpers\RootSignatureGenerator.h">
      <Filter>Libs\DXRFramework\Helpers</Filter>
    </ClInclude>
    <ClInclude Include="..\libs\DXRFramework\Helpers\ShaderBindingTableGenerator.h">
      <Filter>Libs\DXRFramework\Helpers</Filter>
    </ClInclude>
    <ClInclude Include="..\libs\DXRFramework\Helpers\TopLevelASGenerator.h">
      <Filter>Libs\DXRFramework\Helpers</Filter>
    </ClInclude>
    <ClInclude Include="..\libs\DXRFramework\Helpers\BottomLevelASGenerator.h">
      <Filter>Libs\DXRFramework\Helpers</Filter>
    </ClInclude>
    <ClInclude Include="..\libs\DXRFramework\Helpers\DXRFallbackLayerUtils.h">
      <Filter>Libs\DXRFramework\Helpers</Filter>
    </ClInclude>
    <ClInclude Include="..\libs\DXRFramework\Helpers\DXRHelper.h">
      <Filter>Libs\DXRFramework\Helpers</Filter>
    </ClInclude>
    <ClInclude Include="..\libs\DXRFramework\RtPrefix.h">
      <Filter>Libs\DXRFramework</Filter>
    </ClInclude>
  </ItemGroup>
  <ItemGroup>
    <ClCompile Include="..\src\Main.cpp">
      <Filter>Source Files</Filter>
    </ClCompile>
    <ClCompile Include="..\src\utils\DXSample.cpp">
      <Filter>Source Files\Utils</Filter>
    </ClCompile>
    <ClCompile Include="..\src\utils\Win32Application.cpp">
      <Filter>Source Files\Utils</Filter>
    </ClCompile>
    <ClCompile Include="..\src\utils\DeviceResources.cpp">
      <Filter>Source Files\Utils</Filter>
    </ClCompile>
    <ClCompile Include="..\src\stdafx.cpp">
      <Filter>Source Files</Filter>
    </ClCompile>
    <ClCompile Include="..\src\DXRFrameworkApp.cpp">
      <Filter>Source Files</Filter>
    </ClCompile>
    <ClCompile Include="..\libs\MiniEngine\Camera.cpp">
      <Filter>Libs\MiniEngine</Filter>
    </ClCompile>
    <ClCompile Include="..\libs\MiniEngine\Math\Random.cpp">
      <Filter>Libs\MiniEngine\Math</Filter>
    </ClCompile>
    <ClCompile Include="..\libs\MiniEngine\Math\Frustum.cpp">
      <Filter>Libs\MiniEngine\Math</Filter>
    </ClCompile>
    <ClCompile Include="..\libs\MiniEngine\GameInput.cpp">
      <Filter>Libs\MiniEngine</Filter>
    </ClCompile>
    <ClCompile Include="..\libs\MiniEngine\CameraController.cpp">
      <Filter>Libs\MiniEngine</Filter>
    </ClCompile>
    <ClCompile Include="..\libs\imgui\imgui.cpp">
      <Filter>Libs\imgui</Filter>
    </ClCompile>
    <ClCompile Include="..\libs\imgui\imgui_draw.cpp">
      <Filter>Libs\imgui</Filter>
    </ClCompile>
    <ClCompile Include="..\libs\imgui\imgui_demo.cpp">
      <Filter>Libs\imgui</Filter>
    </ClCompile>
    <ClCompile Include="..\libs\imgui\imgui_widgets.cpp">
      <Filter>Libs\imgui</Filter>
    </ClCompile>
    <ClCompile Include="..\src\utils\ImGuiRendererDX.cpp">
      <Filter>Source Files\Utils</Filter>
    </ClCompile>
    <ClCompile Include="..\libs\imgui\imgui_impl_dx12.cpp">
      <Filter>Libs\imgui</Filter>
    </ClCompile>
    <ClCompile Include="..\libs\imgui\imgui_impl_win32.cpp">
      <Filter>Libs\imgui</Filter>
    </ClCompile>
    <ClCompile Include="..\src\ProgressiveRaytracingPipeline.cpp">
      <Filter>Source Files</Filter>
    </ClCompile>
    <ClCompile Include="..\src\RealtimeRaytracingPipeline.cpp">
      <Filter>Source Files</Filter>
    </ClCompile>
    <ClCompile Include="..\src\DenoiseCompositor.cpp">
      <Filter>Source Files</Filter>
    </ClCompile>
    <ClCompile Include="..\libs\DXRFramework\RtBindings.cpp">
      <Filter>Libs\DXRFramework</Filter>
    </ClCompile>
    <ClCompile Include="..\libs\DXRFramework\RtContext.cpp">
      <Filter>Libs\DXRFramework</Filter>
    </ClCompile>
    <ClCompile Include="..\libs\DXRFramework\RtModel.cpp">
      <Filter>Libs\DXRFramework</Filter>
    </ClCompile>
    <ClCompile Include="..\libs\DXRFramework\RtParams.cpp">
      <Filter>Libs\DXRFramework</Filter>
    </ClCompile>
    <ClCompile Include="..\libs\DXRFramework\RtProgram.cpp">
      <Filter>Libs\DXRFramework</Filter>
    </ClCompile>
    <ClCompile Include="..\libs\DXRFramework\RtScene.cpp">
      <Filter>Libs\DXRFramework</Filter>
    </ClCompile>
    <ClCompile Include="..\libs\DXRFramework\RtShader.cpp">
      <Filter>Libs\DXRFramework</Filter>
    </ClCompile>
    <ClCompile Include="..\libs\DXRFramework\RtState.cpp">
      <Filter>Libs\DXRFramework</Filter>
    </ClCompile>
    <ClCompile Include="..\libs\DXRFramework\Helpers\RootSignatureGenerator.cpp">
      <Filter>Libs\DXRFramework\Helpers</Filter>
    </ClCompile>
    <ClCompile Include="..\libs\DXRFramework\Helpers\ShaderBindingTableGenerator.cpp">
      <Filter>Libs\DXRFramework\Helpers</Filter>
    </ClCompile>
    <ClCompile Include="..\libs\DXRFramework\Helpers\TopLevelASGenerator.cpp">
      <Filter>Libs\DXRFramework\Helpers</Filter>
    </ClCompile>
    <ClCompile Include="..\libs\DXRFramework\Helpers\BottomLevelASGenerator.cpp">
      <Filter>Libs\DXRFramework\Helpers</Filter>
    </ClCompile>
    <ClCompile Include="..\libs\DXRFramework\Helpers\RaytracingPipelineGenerator.cpp">
      <Filter>Libs\DXRFramework\Helpers</Filter>
    </ClCompile>
  </ItemGroup>
  <ItemGroup>
    <None Include="..\assets\shaders\RaytracingUtils.hlsli">
      <Filter>Assets\Shaders</Filter>
    </None>
    <None Include="..\libs\MiniEngine\Math\Functions.inl">
      <Filter>Libs\MiniEngine\Math</Filter>
    </None>
    <None Include="..\assets\shaders\BilateralFilter.hlsli">
      <Filter>Assets\Shaders</Filter>
    </None>
    <None Include="..\assets\shaders\RaytracingCommon.hlsli">
      <Filter>Assets\Shaders</Filter>
    </None>
    <None Include="..\assets\shaders\DenoiseCommon.hlsli">
      <Filter>Assets\Shaders</Filter>
    </None>
  </ItemGroup>
  <ItemGroup>
    <FxCompile Include="..\assets\shaders\RealtimeRaytracing.hlsl">
      <Filter>Assets\Shaders</Filter>
    </FxCompile>
    <FxCompile Include="..\assets\shaders\ProgressiveRaytracing.hlsl">
      <Filter>Assets\Shaders</Filter>
    </FxCompile>
    <FxCompile Include="..\assets\shaders\DenoiseCompositorH.hlsl">
      <Filter>Assets\Shaders</Filter>
    </FxCompile>
    <FxCompile Include="..\assets\shaders\DenoiseCompositorV.hlsl">
      <Filter>Assets\Shaders</Filter>
    </FxCompile>
  </ItemGroup>
</Project>